// !$*UTF8*$!
{
	archiveVersion = 1;
	classes = {
	};
	objectVersion = 46;
	objects = {

/* Begin PBXBuildFile section */
		A1B815471B728786006784D8 /* AppDelegate.swift in Sources */ = {isa = PBXBuildFile; fileRef = A1B815461B728786006784D8 /* AppDelegate.swift */; };
		A1B815491B728786006784D8 /* ViewController.swift in Sources */ = {isa = PBXBuildFile; fileRef = A1B815481B728786006784D8 /* ViewController.swift */; };
		A1B8154C1B728786006784D8 /* Main.storyboard in Resources */ = {isa = PBXBuildFile; fileRef = A1B8154A1B728786006784D8 /* Main.storyboard */; };
		A1B8154F1B728786006784D8 /* Envatolitics.xcdatamodeld in Sources */ = {isa = PBXBuildFile; fileRef = A1B8154D1B728786006784D8 /* Envatolitics.xcdatamodeld */; };
		A1B815511B728786006784D8 /* Assets.xcassets in Resources */ = {isa = PBXBuildFile; fileRef = A1B815501B728786006784D8 /* Assets.xcassets */; };
		A1B815541B728786006784D8 /* LaunchScreen.storyboard in Resources */ = {isa = PBXBuildFile; fileRef = A1B815521B728786006784D8 /* LaunchScreen.storyboard */; };
		A1B8155F1B728786006784D8 /* EnvatoliticsTests.swift in Sources */ = {isa = PBXBuildFile; fileRef = A1B8155E1B728786006784D8 /* EnvatoliticsTests.swift */; };
		A1B8156A1B728786006784D8 /* EnvatoliticsUITests.swift in Sources */ = {isa = PBXBuildFile; fileRef = A1B815691B728786006784D8 /* EnvatoliticsUITests.swift */; };
/* End PBXBuildFile section */

/* Begin PBXContainerItemProxy section */
		A1B8155B1B728786006784D8 /* PBXContainerItemProxy */ = {
			isa = PBXContainerItemProxy;
			containerPortal = A1B8153B1B728786006784D8 /* Project object */;
			proxyType = 1;
			remoteGlobalIDString = A1B815421B728786006784D8;
			remoteInfo = Envatolitics;
		};
		A1B815661B728786006784D8 /* PBXContainerItemProxy */ = {
			isa = PBXContainerItemProxy;
			containerPortal = A1B8153B1B728786006784D8 /* Project object */;
			proxyType = 1;
			remoteGlobalIDString = A1B815421B728786006784D8;
			remoteInfo = Envatolitics;
		};
/* End PBXContainerItemProxy section */

/* Begin PBXFileReference section */
		A1B815431B728786006784D8 /* Envatolitics.app */ = {isa = PBXFileReference; explicitFileType = wrapper.application; includeInIndex = 0; path = Envatolitics.app; sourceTree = BUILT_PRODUCTS_DIR; };
		A1B815461B728786006784D8 /* AppDelegate.swift */ = {isa = PBXFileReference; lastKnownFileType = sourcecode.swift; path = AppDelegate.swift; sourceTree = "<group>"; };
		A1B815481B728786006784D8 /* ViewController.swift */ = {isa = PBXFileReference; lastKnownFileType = sourcecode.swift; path = ViewController.swift; sourceTree = "<group>"; };
		A1B8154B1B728786006784D8 /* Base */ = {isa = PBXFileReference; lastKnownFileType = file.storyboard; name = Base; path = Base.lproj/Main.storyboard; sourceTree = "<group>"; };
		A1B8154E1B728786006784D8 /* Envatolitics.xcdatamodel */ = {isa = PBXFileReference; lastKnownFileType = wrapper.xcdatamodel; path = Envatolitics.xcdatamodel; sourceTree = "<group>"; };
		A1B815501B728786006784D8 /* Assets.xcassets */ = {isa = PBXFileReference; lastKnownFileType = folder.assetcatalog; path = Assets.xcassets; sourceTree = "<group>"; };
		A1B815531B728786006784D8 /* Base */ = {isa = PBXFileReference; lastKnownFileType = file.storyboard; name = Base; path = Base.lproj/LaunchScreen.storyboard; sourceTree = "<group>"; };
		A1B815551B728786006784D8 /* Info.plist */ = {isa = PBXFileReference; lastKnownFileType = text.plist.xml; path = Info.plist; sourceTree = "<group>"; };
		A1B8155A1B728786006784D8 /* EnvatoliticsTests.xctest */ = {isa = PBXFileReference; explicitFileType = wrapper.cfbundle; includeInIndex = 0; path = EnvatoliticsTests.xctest; sourceTree = BUILT_PRODUCTS_DIR; };
		A1B8155E1B728786006784D8 /* EnvatoliticsTests.swift */ = {isa = PBXFileReference; lastKnownFileType = sourcecode.swift; path = EnvatoliticsTests.swift; sourceTree = "<group>"; };
		A1B815601B728786006784D8 /* Info.plist */ = {isa = PBXFileReference; lastKnownFileType = text.plist.xml; path = Info.plist; sourceTree = "<group>"; };
		A1B815651B728786006784D8 /* EnvatoliticsUITests.xctest */ = {isa = PBXFileReference; explicitFileType = wrapper.cfbundle; includeInIndex = 0; path = EnvatoliticsUITests.xctest; sourceTree = BUILT_PRODUCTS_DIR; };
		A1B815691B728786006784D8 /* EnvatoliticsUITests.swift */ = {isa = PBXFileReference; lastKnownFileType = sourcecode.swift; path = EnvatoliticsUITests.swift; sourceTree = "<group>"; };
		A1B8156B1B728786006784D8 /* Info.plist */ = {isa = PBXFileReference; lastKnownFileType = text.plist.xml; path = Info.plist; sourceTree = "<group>"; };
/* End PBXFileReference section */

/* Begin PBXFrameworksBuildPhase section */
		A1B815401B728786006784D8 /* Frameworks */ = {
			isa = PBXFrameworksBuildPhase;
			buildActionMask = 2147483647;
			files = (
			);
			runOnlyForDeploymentPostprocessing = 0;
		};
		A1B815571B728786006784D8 /* Frameworks */ = {
			isa = PBXFrameworksBuildPhase;
			buildActionMask = 2147483647;
			files = (
			);
			runOnlyForDeploymentPostprocessing = 0;
		};
		A1B815621B728786006784D8 /* Frameworks */ = {
			isa = PBXFrameworksBuildPhase;
			buildActionMask = 2147483647;
			files = (
			);
			runOnlyForDeploymentPostprocessing = 0;
		};
/* End PBXFrameworksBuildPhase section */

/* Begin PBXGroup section */
		A1B8153A1B728786006784D8 = {
			isa = PBXGroup;
			children = (
				A1B815451B728786006784D8 /* Envatolitics */,
				A1B8155D1B728786006784D8 /* EnvatoliticsTests */,
				A1B815681B728786006784D8 /* EnvatoliticsUITests */,
				A1B815441B728786006784D8 /* Products */,
			);
			sourceTree = "<group>";
		};
		A1B815441B728786006784D8 /* Products */ = {
			isa = PBXGroup;
			children = (
				A1B815431B728786006784D8 /* Envatolitics.app */,
				A1B8155A1B728786006784D8 /* EnvatoliticsTests.xctest */,
				A1B815651B728786006784D8 /* EnvatoliticsUITests.xctest */,
			);
			name = Products;
			sourceTree = "<group>";
		};
		A1B815451B728786006784D8 /* Envatolitics */ = {
			isa = PBXGroup;
			children = (
				A1B815461B728786006784D8 /* AppDelegate.swift */,
				A1B815481B728786006784D8 /* ViewController.swift */,
				A1B8154A1B728786006784D8 /* Main.storyboard */,
				A1B815501B728786006784D8 /* Assets.xcassets */,
				A1B815521B728786006784D8 /* LaunchScreen.storyboard */,
				A1B815551B728786006784D8 /* Info.plist */,
				A1B8154D1B728786006784D8 /* Envatolitics.xcdatamodeld */,
			);
			path = Envatolitics;
			sourceTree = "<group>";
		};
		A1B8155D1B728786006784D8 /* EnvatoliticsTests */ = {
			isa = PBXGroup;
			children = (
				A1B8155E1B728786006784D8 /* EnvatoliticsTests.swift */,
				A1B815601B728786006784D8 /* Info.plist */,
			);
			path = EnvatoliticsTests;
			sourceTree = "<group>";
		};
		A1B815681B728786006784D8 /* EnvatoliticsUITests */ = {
			isa = PBXGroup;
			children = (
				A1B815691B728786006784D8 /* EnvatoliticsUITests.swift */,
				A1B8156B1B728786006784D8 /* Info.plist */,
			);
			path = EnvatoliticsUITests;
			sourceTree = "<group>";
		};
/* End PBXGroup section */

/* Begin PBXNativeTarget section */
		A1B815421B728786006784D8 /* Envatolitics */ = {
			isa = PBXNativeTarget;
			buildConfigurationList = A1B8156E1B728786006784D8 /* Build configuration list for PBXNativeTarget "Envatolitics" */;
			buildPhases = (
				A1B8153F1B728786006784D8 /* Sources */,
				A1B815401B728786006784D8 /* Frameworks */,
				A1B815411B728786006784D8 /* Resources */,
			);
			buildRules = (
			);
			dependencies = (
			);
			name = Envatolitics;
			productName = Envatolitics;
			productReference = A1B815431B728786006784D8 /* Envatolitics.app */;
			productType = "com.apple.product-type.application";
		};
		A1B815591B728786006784D8 /* EnvatoliticsTests */ = {
			isa = PBXNativeTarget;
			buildConfigurationList = A1B815711B728786006784D8 /* Build configuration list for PBXNativeTarget "EnvatoliticsTests" */;
			buildPhases = (
				A1B815561B728786006784D8 /* Sources */,
				A1B815571B728786006784D8 /* Frameworks */,
				A1B815581B728786006784D8 /* Resources */,
			);
			buildRules = (
			);
			dependencies = (
				A1B8155C1B728786006784D8 /* PBXTargetDependency */,
			);
			name = EnvatoliticsTests;
			productName = EnvatoliticsTests;
			productReference = A1B8155A1B728786006784D8 /* EnvatoliticsTests.xctest */;
			productType = "com.apple.product-type.bundle.unit-test";
		};
		A1B815641B728786006784D8 /* EnvatoliticsUITests */ = {
			isa = PBXNativeTarget;
			buildConfigurationList = A1B815741B728786006784D8 /* Build configuration list for PBXNativeTarget "EnvatoliticsUITests" */;
			buildPhases = (
				A1B815611B728786006784D8 /* Sources */,
				A1B815621B728786006784D8 /* Frameworks */,
				A1B815631B728786006784D8 /* Resources */,
			);
			buildRules = (
			);
			dependencies = (
				A1B815671B728786006784D8 /* PBXTargetDependency */,
			);
			name = EnvatoliticsUITests;
			productName = EnvatoliticsUITests;
			productReference = A1B815651B728786006784D8 /* EnvatoliticsUITests.xctest */;
			productType = "com.apple.product-type.bundle.ui-testing";
		};
/* End PBXNativeTarget section */

/* Begin PBXProject section */
		A1B8153B1B728786006784D8 /* Project object */ = {
			isa = PBXProject;
			attributes = {
				LastUpgradeCheck = 0700;
				ORGANIZATIONNAME = "Transparent Ideas";
				TargetAttributes = {
					A1B815421B728786006784D8 = {
						CreatedOnToolsVersion = 7.0;
					};
					A1B815591B728786006784D8 = {
						CreatedOnToolsVersion = 7.0;
						TestTargetID = A1B815421B728786006784D8;
					};
					A1B815641B728786006784D8 = {
						CreatedOnToolsVersion = 7.0;
						TestTargetID = A1B815421B728786006784D8;
					};
				};
			};
			buildConfigurationList = A1B8153E1B728786006784D8 /* Build configuration list for PBXProject "Envatolitics" */;
			compatibilityVersion = "Xcode 3.2";
			developmentRegion = English;
			hasScannedForEncodings = 0;
			knownRegions = (
				en,
				Base,
			);
			mainGroup = A1B8153A1B728786006784D8;
			productRefGroup = A1B815441B728786006784D8 /* Products */;
			projectDirPath = "";
			projectRoot = "";
			targets = (
				A1B815421B728786006784D8 /* Envatolitics */,
				A1B815591B728786006784D8 /* EnvatoliticsTests */,
				A1B815641B728786006784D8 /* EnvatoliticsUITests */,
			);
		};
/* End PBXProject section */

/* Begin PBXResourcesBuildPhase section */
		A1B815411B728786006784D8 /* Resources */ = {
			isa = PBXResourcesBuildPhase;
			buildActionMask = 2147483647;
			files = (
				A1B815541B728786006784D8 /* LaunchScreen.storyboard in Resources */,
				A1B815511B728786006784D8 /* Assets.xcassets in Resources */,
				A1B8154C1B728786006784D8 /* Main.storyboard in Resources */,
			);
			runOnlyForDeploymentPostprocessing = 0;
		};
		A1B815581B728786006784D8 /* Resources */ = {
			isa = PBXResourcesBuildPhase;
			buildActionMask = 2147483647;
			files = (
			);
			runOnlyForDeploymentPostprocessing = 0;
		};
		A1B815631B728786006784D8 /* Resources */ = {
			isa = PBXResourcesBuildPhase;
			buildActionMask = 2147483647;
			files = (
			);
			runOnlyForDeploymentPostprocessing = 0;
		};
/* End PBXResourcesBuildPhase section */

/* Begin PBXSourcesBuildPhase section */
		A1B8153F1B728786006784D8 /* Sources */ = {
			isa = PBXSourcesBuildPhase;
			buildActionMask = 2147483647;
			files = (
				A1B8154F1B728786006784D8 /* Envatolitics.xcdatamodeld in Sources */,
				A1B815491B728786006784D8 /* ViewController.swift in Sources */,
				A1B815471B728786006784D8 /* AppDelegate.swift in Sources */,
			);
			runOnlyForDeploymentPostprocessing = 0;
		};
		A1B815561B728786006784D8 /* Sources */ = {
			isa = PBXSourcesBuildPhase;
			buildActionMask = 2147483647;
			files = (
				A1B8155F1B728786006784D8 /* EnvatoliticsTests.swift in Sources */,
			);
			runOnlyForDeploymentPostprocessing = 0;
		};
		A1B815611B728786006784D8 /* Sources */ = {
			isa = PBXSourcesBuildPhase;
			buildActionMask = 2147483647;
			files = (
				A1B8156A1B728786006784D8 /* EnvatoliticsUITests.swift in Sources */,
			);
			runOnlyForDeploymentPostprocessing = 0;
		};
/* End PBXSourcesBuildPhase section */

/* Begin PBXTargetDependency section */
		A1B8155C1B728786006784D8 /* PBXTargetDependency */ = {
			isa = PBXTargetDependency;
			target = A1B815421B728786006784D8 /* Envatolitics */;
			targetProxy = A1B8155B1B728786006784D8 /* PBXContainerItemProxy */;
		};
		A1B815671B728786006784D8 /* PBXTargetDependency */ = {
			isa = PBXTargetDependency;
			target = A1B815421B728786006784D8 /* Envatolitics */;
			targetProxy = A1B815661B728786006784D8 /* PBXContainerItemProxy */;
		};
/* End PBXTargetDependency section */

/* Begin PBXVariantGroup section */
		A1B8154A1B728786006784D8 /* Main.storyboard */ = {
			isa = PBXVariantGroup;
			children = (
				A1B8154B1B728786006784D8 /* Base */,
			);
			name = Main.storyboard;
			sourceTree = "<group>";
		};
		A1B815521B728786006784D8 /* LaunchScreen.storyboard */ = {
			isa = PBXVariantGroup;
			children = (
				A1B815531B728786006784D8 /* Base */,
			);
			name = LaunchScreen.storyboard;
			sourceTree = "<group>";
		};
/* End PBXVariantGroup section */

/* Begin XCBuildConfiguration section */
		A1B8156C1B728786006784D8 /* Debug */ = {
			isa = XCBuildConfiguration;
			buildSettings = {
				ALWAYS_SEARCH_USER_PATHS = NO;
				CLANG_CXX_LANGUAGE_STANDARD = "gnu++0x";
				CLANG_CXX_LIBRARY = "libc++";
				CLANG_ENABLE_MODULES = YES;
				CLANG_ENABLE_OBJC_ARC = YES;
				CLANG_WARN_BOOL_CONVERSION = YES;
				CLANG_WARN_CONSTANT_CONVERSION = YES;
				CLANG_WARN_DIRECT_OBJC_ISA_USAGE = YES_ERROR;
				CLANG_WARN_EMPTY_BODY = YES;
				CLANG_WARN_ENUM_CONVERSION = YES;
				CLANG_WARN_INT_CONVERSION = YES;
				CLANG_WARN_OBJC_ROOT_CLASS = YES_ERROR;
				CLANG_WARN_UNREACHABLE_CODE = YES;
				CLANG_WARN__DUPLICATE_METHOD_MATCH = YES;
				"CODE_SIGN_IDENTITY[sdk=iphoneos*]" = "iPhone Developer";
				COPY_PHASE_STRIP = NO;
				DEBUG_INFORMATION_FORMAT = dwarf;
				ENABLE_STRICT_OBJC_MSGSEND = YES;
				ENABLE_TESTABILITY = YES;
				GCC_C_LANGUAGE_STANDARD = gnu99;
				GCC_DYNAMIC_NO_PIC = NO;
				GCC_NO_COMMON_BLOCKS = YES;
				GCC_OPTIMIZATION_LEVEL = 0;
				GCC_PREPROCESSOR_DEFINITIONS = (
					"DEBUG=1",
					"$(inherited)",
				);
				GCC_WARN_64_TO_32_BIT_CONVERSION = YES;
				GCC_WARN_ABOUT_RETURN_TYPE = YES_ERROR;
				GCC_WARN_UNDECLARED_SELECTOR = YES;
				GCC_WARN_UNINITIALIZED_AUTOS = YES_AGGRESSIVE;
				GCC_WARN_UNUSED_FUNCTION = YES;
				GCC_WARN_UNUSED_VARIABLE = YES;
				IPHONEOS_DEPLOYMENT_TARGET = 9.0;
				MTL_ENABLE_DEBUG_INFO = YES;
				ONLY_ACTIVE_ARCH = YES;
				SDKROOT = iphoneos;
				SWIFT_OPTIMIZATION_LEVEL = "-Onone";
				TARGETED_DEVICE_FAMILY = "1,2";
			};
			name = Debug;
		};
		A1B8156D1B728786006784D8 /* Release */ = {
			isa = XCBuildConfiguration;
			buildSettings = {
				ALWAYS_SEARCH_USER_PATHS = NO;
				CLANG_CXX_LANGUAGE_STANDARD = "gnu++0x";
				CLANG_CXX_LIBRARY = "libc++";
				CLANG_ENABLE_MODULES = YES;
				CLANG_ENABLE_OBJC_ARC = YES;
				CLANG_WARN_BOOL_CONVERSION = YES;
				CLANG_WARN_CONSTANT_CONVERSION = YES;
				CLANG_WARN_DIRECT_OBJC_ISA_USAGE = YES_ERROR;
				CLANG_WARN_EMPTY_BODY = YES;
				CLANG_WARN_ENUM_CONVERSION = YES;
				CLANG_WARN_INT_CONVERSION = YES;
				CLANG_WARN_OBJC_ROOT_CLASS = YES_ERROR;
				CLANG_WARN_UNREACHABLE_CODE = YES;
				CLANG_WARN__DUPLICATE_METHOD_MATCH = YES;
				"CODE_SIGN_IDENTITY[sdk=iphoneos*]" = "iPhone Developer";
				COPY_PHASE_STRIP = NO;
				DEBUG_INFORMATION_FORMAT = "dwarf-with-dsym";
				ENABLE_NS_ASSERTIONS = NO;
				ENABLE_STRICT_OBJC_MSGSEND = YES;
				GCC_C_LANGUAGE_STANDARD = gnu99;
				GCC_NO_COMMON_BLOCKS = YES;
				GCC_WARN_64_TO_32_BIT_CONVERSION = YES;
				GCC_WARN_ABOUT_RETURN_TYPE = YES_ERROR;
				GCC_WARN_UNDECLARED_SELECTOR = YES;
				GCC_WARN_UNINITIALIZED_AUTOS = YES_AGGRESSIVE;
				GCC_WARN_UNUSED_FUNCTION = YES;
				GCC_WARN_UNUSED_VARIABLE = YES;
				IPHONEOS_DEPLOYMENT_TARGET = 9.0;
				MTL_ENABLE_DEBUG_INFO = NO;
				SDKROOT = iphoneos;
				TARGETED_DEVICE_FAMILY = "1,2";
				VALIDATE_PRODUCT = YES;
			};
			name = Release;
		};
		A1B8156F1B728786006784D8 /* Debug */ = {
			isa = XCBuildConfiguration;
			buildSettings = {
				ASSETCATALOG_COMPILER_APPICON_NAME = AppIcon;
				INFOPLIST_FILE = Envatolitics/Info.plist;
				LD_RUNPATH_SEARCH_PATHS = "$(inherited) @executable_path/Frameworks";
				PRODUCT_BUNDLE_IDENTIFIER = ti.Envatolitics;
				PRODUCT_NAME = "$(TARGET_NAME)";
			};
			name = Debug;
		};
		A1B815701B728786006784D8 /* Release */ = {
			isa = XCBuildConfiguration;
			buildSettings = {
				ASSETCATALOG_COMPILER_APPICON_NAME = AppIcon;
				INFOPLIST_FILE = Envatolitics/Info.plist;
				LD_RUNPATH_SEARCH_PATHS = "$(inherited) @executable_path/Frameworks";
				PRODUCT_BUNDLE_IDENTIFIER = ti.Envatolitics;
				PRODUCT_NAME = "$(TARGET_NAME)";
			};
			name = Release;
		};
		A1B815721B728786006784D8 /* Debug */ = {
			isa = XCBuildConfiguration;
			buildSettings = {
				BUNDLE_LOADER = "$(TEST_HOST)";
				INFOPLIST_FILE = EnvatoliticsTests/Info.plist;
				LD_RUNPATH_SEARCH_PATHS = "$(inherited) @executable_path/Frameworks @loader_path/Frameworks";
				PRODUCT_BUNDLE_IDENTIFIER = ti.EnvatoliticsTests;
				PRODUCT_NAME = "$(TARGET_NAME)";
				TEST_HOST = "$(BUILT_PRODUCTS_DIR)/Envatolitics.app/Envatolitics";
			};
			name = Debug;
		};
		A1B815731B728786006784D8 /* Release */ = {
			isa = XCBuildConfiguration;
			buildSettings = {
				BUNDLE_LOADER = "$(TEST_HOST)";
				INFOPLIST_FILE = EnvatoliticsTests/Info.plist;
				LD_RUNPATH_SEARCH_PATHS = "$(inherited) @executable_path/Frameworks @loader_path/Frameworks";
				PRODUCT_BUNDLE_IDENTIFIER = ti.EnvatoliticsTests;
				PRODUCT_NAME = "$(TARGET_NAME)";
				TEST_HOST = "$(BUILT_PRODUCTS_DIR)/Envatolitics.app/Envatolitics";
			};
			name = Release;
		};
		A1B815751B728786006784D8 /* Debug */ = {
			isa = XCBuildConfiguration;
			buildSettings = {
				INFOPLIST_FILE = EnvatoliticsUITests/Info.plist;
				LD_RUNPATH_SEARCH_PATHS = "$(inherited) @executable_path/Frameworks @loader_path/Frameworks";
				PRODUCT_BUNDLE_IDENTIFIER = ti.EnvatoliticsUITests;
				PRODUCT_NAME = "$(TARGET_NAME)";
				TEST_TARGET_NAME = Envatolitics;
				USES_XCTRUNNER = YES;
			};
			name = Debug;
		};
		A1B815761B728786006784D8 /* Release */ = {
			isa = XCBuildConfiguration;
			buildSettings = {
				INFOPLIST_FILE = EnvatoliticsUITests/Info.plist;
				LD_RUNPATH_SEARCH_PATHS = "$(inherited) @executable_path/Frameworks @loader_path/Frameworks";
				PRODUCT_BUNDLE_IDENTIFIER = ti.EnvatoliticsUITests;
				PRODUCT_NAME = "$(TARGET_NAME)";
				TEST_TARGET_NAME = Envatolitics;
				USES_XCTRUNNER = YES;
			};
			name = Release;
		};
/* End XCBuildConfiguration section */

/* Begin XCConfigurationList section */
		A1B8153E1B728786006784D8 /* Build configuration list for PBXProject "Envatolitics" */ = {
			isa = XCConfigurationList;
			buildConfigurations = (
				A1B8156C1B728786006784D8 /* Debug */,
				A1B8156D1B728786006784D8 /* Release */,
			);
			defaultConfigurationIsVisible = 0;
			defaultConfigurationName = Release;
		};
		A1B8156E1B728786006784D8 /* Build configuration list for PBXNativeTarget "Envatolitics" */ = {
			isa = XCConfigurationList;
			buildConfigurations = (
				A1B8156F1B728786006784D8 /* Debug */,
				A1B815701B728786006784D8 /* Release */,
			);
			defaultConfigurationIsVisible = 0;
		};
		A1B815711B728786006784D8 /* Build configuration list for PBXNativeTarget "EnvatoliticsTests" */ = {
			isa = XCConfigurationList;
			buildConfigurations = (
				A1B815721B728786006784D8 /* Debug */,
				A1B815731B728786006784D8 /* Release */,
			);
			defaultConfigurationIsVisible = 0;
		};
		A1B815741B728786006784D8 /* Build configuration list for PBXNativeTarget "EnvatoliticsUITests" */ = {
			isa = XCConfigurationList;
			buildConfigurations = (
				A1B815751B728786006784D8 /* Debug */,
				A1B815761B728786006784D8 /* Release */,
			);
			defaultConfigurationIsVisible = 0;
		};
/* End XCConfigurationList section */

/* Begin XCVersionGroup section */
		A1B8154D1B728786006784D8 /* Envatolitics.xcdatamodeld */ = {
			isa = XCVersionGroup;
			children = (
				A1B8154E1B728786006784D8 /* Envatolitics.xcdatamodel */,
			);
			currentVersion = A1B8154E1B728786006784D8 /* Envatolitics.xcdatamodel */;
			path = Envatolitics.xcdatamodeld;
			sourceTree = "<group>";
			versionGroupType = wrapper.xcdatamodel;
		};
/* End XCVersionGroup section */
	};
	rootObject = A1B8153B1B728786006784D8 /* Project object */;
}
